
Microsoft Visual Studio Solution File, Format Version 12.00
# Visual Studio Version 16
VisualStudioVersion = 16.0.32002.261
MinimumVisualStudioVersion = 10.0.40219.1
Project("{FAE04EC0-301F-11D3-BF4B-00C04F79EFBC}") = "Gitfun", "Gitfun\Gitfun.csproj", "{D68797FC-2D97-4248-9EA2-06F496E2703A}"
EndProject
Global
	GlobalSection(SolutionConfigurationPlatforms) = preSolution
		Debug|Any CPU = Debug|Any CPU
		Release|Any CPU = Release|Any CPU
	EndGlobalSection
	GlobalSection(ProjectConfigurationPlatforms) = postSolution
		{D68797FC-2D97-4248-9EA2-06F496E2703A}.Debug|Any CPU.ActiveCfg = Debug|Any CPU
		{D68797FC-2D97-4248-9EA2-06F496E2703A}.Debug|Any CPU.Build.0 = Debug|Any CPU
		{D68797FC-2D97-4248-9EA2-06F496E2703A}.Release|Any CPU.ActiveCfg = Release|Any CPU
		{D68797FC-2D97-4248-9EA2-06F496E2703A}.Release|Any CPU.Build.0 = Release|Any CPU
	EndGlobalSection
	GlobalSection(SolutionProperties) = preSolution
		HideSolutionNode = FALSE
	EndGlobalSection
	GlobalSection(ExtensibilityGlobals) = postSolution
		SolutionGuid = {832A6CBE-D1C3-49F3-B15A-A5B95BC7BB87}
	EndGlobalSection
EndGlobal
